
Microsoft Visual Studio Solution File, Format Version 12.00
# Visual Studio Version 16
VisualStudioVersion = 16.0.32002.261
MinimumVisualStudioVersion = 10.0.40219.1
Project("{FAE04EC0-301F-11D3-BF4B-00C04F79EFBC}") = "numerosExtensos", "numerosExtensos.csproj", "{C049E2C5-9D1B-4388-9F6C-8F8944A30E33}"
EndProject
Global
	GlobalSection(SolutionConfigurationPlatforms) = preSolution
		Debug|Any CPU = Debug|Any CPU
		Release|Any CPU = Release|Any CPU
	EndGlobalSection
	GlobalSection(ProjectConfigurationPlatforms) = postSolution
		{C049E2C5-9D1B-4388-9F6C-8F8944A30E33}.Debug|Any CPU.ActiveCfg = Debug|Any CPU
		{C049E2C5-9D1B-4388-9F6C-8F8944A30E33}.Debug|Any CPU.Build.0 = Debug|Any CPU
		{C049E2C5-9D1B-4388-9F6C-8F8944A30E33}.Release|Any CPU.ActiveCfg = Release|Any CPU
		{C049E2C5-9D1B-4388-9F6C-8F8944A30E33}.Release|Any CPU.Build.0 = Release|Any CPU
	EndGlobalSection
	GlobalSection(SolutionProperties) = preSolution
		HideSolutionNode = FALSE
	EndGlobalSection
	GlobalSection(ExtensibilityGlobals) = postSolution
		SolutionGuid = {15E9967E-6332-42FE-8B2A-ABC977D256A1}
	EndGlobalSection
EndGlobal
